
Microsoft Visual Studio Solution File, Format Version 12.00
# Visual Studio Version 17
VisualStudioVersion = 17.14.36212.18 d17.14
MinimumVisualStudioVersion = 10.0.40219.1
Project("{FAE04EC0-301F-11D3-BF4B-00C04F79EFBC}") = "BL", "BL\BL.csproj", "{C1ECB96A-4A8B-4C59-8F29-1C3ACEFBABAE}"
EndProject
Project("{FAE04EC0-301F-11D3-BF4B-00C04F79EFBC}") = "Dal", "Dal\Dal.csproj", "{A829EED5-C25C-4D83-AD8B-FDD8EC1171E9}"
EndProject
Project("{FAE04EC0-301F-11D3-BF4B-00C04F79EFBC}") = "Servere", "Servere\Servere.csproj", "{E980FB18-3C08-4BFD-B01A-5CFA1CCC7E4E}"
EndProject
Project("{2150E333-8FDC-42A3-9474-1A3956D46DE8}") = "Solution Items", "Solution Items", "{8EC462FD-D22E-90A8-E5CE-7E832BA40C5D}"
	ProjectSection(SolutionItems) = preProject
		gitignore.txt = gitignore.txt
	EndProjectSection
EndProject
Global
	GlobalSection(SolutionConfigurationPlatforms) = preSolution
		Debug|Any CPU = Debug|Any CPU
		Release|Any CPU = Release|Any CPU
	EndGlobalSection
	GlobalSection(ProjectConfigurationPlatforms) = postSolution
		{C1ECB96A-4A8B-4C59-8F29-1C3ACEFBABAE}.Debug|Any CPU.ActiveCfg = Debug|Any CPU
		{C1ECB96A-4A8B-4C59-8F29-1C3ACEFBABAE}.Debug|Any CPU.Build.0 = Debug|Any CPU
		{C1ECB96A-4A8B-4C59-8F29-1C3ACEFBABAE}.Release|Any CPU.ActiveCfg = Release|Any CPU
		{C1ECB96A-4A8B-4C59-8F29-1C3ACEFBABAE}.Release|Any CPU.Build.0 = Release|Any CPU
		{A829EED5-C25C-4D83-AD8B-FDD8EC1171E9}.Debug|Any CPU.ActiveCfg = Debug|Any CPU
		{A829EED5-C25C-4D83-AD8B-FDD8EC1171E9}.Debug|Any CPU.Build.0 = Debug|Any CPU
		{A829EED5-C25C-4D83-AD8B-FDD8EC1171E9}.Release|Any CPU.ActiveCfg = Release|Any CPU
		{A829EED5-C25C-4D83-AD8B-FDD8EC1171E9}.Release|Any CPU.Build.0 = Release|Any CPU
		{E980FB18-3C08-4BFD-B01A-5CFA1CCC7E4E}.Debug|Any CPU.ActiveCfg = Debug|Any CPU
		{E980FB18-3C08-4BFD-B01A-5CFA1CCC7E4E}.Debug|Any CPU.Build.0 = Debug|Any CPU
		{E980FB18-3C08-4BFD-B01A-5CFA1CCC7E4E}.Release|Any CPU.ActiveCfg = Release|Any CPU
		{E980FB18-3C08-4BFD-B01A-5CFA1CCC7E4E}.Release|Any CPU.Build.0 = Release|Any CPU
	EndGlobalSection
	GlobalSection(SolutionProperties) = preSolution
		HideSolutionNode = FALSE
	EndGlobalSection
	GlobalSection(ExtensibilityGlobals) = postSolution
		SolutionGuid = {525A74C3-F60D-418E-AB72-55CD8F19781F}
	EndGlobalSection
EndGlobal
